
Microsoft Visual Studio Solution File, Format Version 12.00
# Visual Studio Version 16
VisualStudioVersion = 16.0.30611.23
MinimumVisualStudioVersion = 15.0.26124.0
Project("{2150E333-8FDC-42A3-9474-1A3956D46DE8}") = "src", "src", "{5ADD4670-1F14-11EB-BD04-3F22CD077EFD}"
EndProject
Project("{2150E333-8FDC-42A3-9474-1A3956D46DE8}") = "test", "test", "{5F294800-1F14-11EB-BD04-3F22CD077EFD}"
EndProject
Project("{9A19103F-16F7-4668-BE54-9A1E7A4F7556}") = "NetworkController", "src\model\NetworkController\NetworkController.csproj", "{5E7F7E82-9409-4FF4-9F2E-F0935FDD1CB2}"
EndProject
Project("{2150E333-8FDC-42A3-9474-1A3956D46DE8}") = "PS7-tests", "PS7-tests", "{D060E4B0-1F14-11EB-BD04-3F22CD077EFD}"
EndProject
Project("{9A19103F-16F7-4668-BE54-9A1E7A4F7556}") = "NetworkTestHelper", "test\PS7-tests\NetworkTestHelper\NetworkTestHelper.csproj", "{3C91028D-6297-4915-A14C-59500510A899}"
EndProject
Project("{9A19103F-16F7-4668-BE54-9A1E7A4F7556}") = "NetworkTests", "test\PS7-tests\NetworkTests\NetworkTests.csproj", "{10E0CB46-72A6-436C-BEF6-E73594D0D7BE}"
EndProject
Project("{2150E333-8FDC-42A3-9474-1A3956D46DE8}") = "client", "client", "{8678DB00-22E3-11EB-A2E6-D3C76565BB44}"
EndProject
Project("{FAE04EC0-301F-11D3-BF4B-00C04F79EFBC}") = "Resources", "res\Resources\Resources.csproj", "{CE35B2B4-3FA1-47FE-B429-816255A16425}"
EndProject
Project("{2150E333-8FDC-42A3-9474-1A3956D46DE8}") = "model", "model", "{D04D334C-4357-4347-82F1-AAC6B22A010C}"
EndProject
Project("{9A19103F-16F7-4668-BE54-9A1E7A4F7556}") = "TankWars", "src\model\TankWars\TankWars.csproj", "{38E0EDAD-23B9-433F-9CFC-B6213368B23F}"
EndProject
Project("{9A19103F-16F7-4668-BE54-9A1E7A4F7556}") = "ClientController", "src\client\controller\ClientController.csproj", "{2DD1B91E-89A1-4924-903A-5CA62EA41BD3}"
EndProject
Project("{2150E333-8FDC-42A3-9474-1A3956D46DE8}") = "view", "view", "{495CE080-22E9-11EB-A2E6-D3C76565BB44}"
EndProject
Project("{FAE04EC0-301F-11D3-BF4B-00C04F79EFBC}") = "ClientView", "src\client\view\ClientView\ClientView.csproj", "{69C6EC11-CC56-413A-BDAE-3BE419035ED5}"
EndProject
Project("{9A19103F-16F7-4668-BE54-9A1E7A4F7556}") = "ClientModel", "src\client\model\ClientModel.csproj", "{63C5B48F-1582-4033-90B0-E7F14AD456BD}"
EndProject
Project("{FAE04EC0-301F-11D3-BF4B-00C04F79EFBC}") = "DrawingPanel", "src\client\view\DrawingPanel\DrawingPanel.csproj", "{035E4DA8-6A86-4205-9A8B-844AC3313E12}"
EndProject
Project("{2150E333-8FDC-42A3-9474-1A3956D46DE8}") = "scratch", "scratch", "{5845A180-25EC-11EB-8C12-0F98B57E57F7}"
EndProject
Project("{FAE04EC0-301F-11D3-BF4B-00C04F79EFBC}") = "scratch", "test\scratch\Scratch\scratch.csproj", "{69A78D61-5245-4AEC-864C-4B9AFD9689D9}"
EndProject
Global
	GlobalSection(SolutionConfigurationPlatforms) = preSolution
		Debug|Any CPU = Debug|Any CPU
		Debug|x64 = Debug|x64
		Debug|x86 = Debug|x86
		Release|Any CPU = Release|Any CPU
		Release|x64 = Release|x64
		Release|x86 = Release|x86
	EndGlobalSection
	GlobalSection(ProjectConfigurationPlatforms) = postSolution
		{5E7F7E82-9409-4FF4-9F2E-F0935FDD1CB2}.Debug|Any CPU.ActiveCfg = Debug|Any CPU
		{5E7F7E82-9409-4FF4-9F2E-F0935FDD1CB2}.Debug|Any CPU.Build.0 = Debug|Any CPU
		{5E7F7E82-9409-4FF4-9F2E-F0935FDD1CB2}.Debug|x64.ActiveCfg = Debug|Any CPU
		{5E7F7E82-9409-4FF4-9F2E-F0935FDD1CB2}.Debug|x64.Build.0 = Debug|Any CPU
		{5E7F7E82-9409-4FF4-9F2E-F0935FDD1CB2}.Debug|x86.ActiveCfg = Debug|Any CPU
		{5E7F7E82-9409-4FF4-9F2E-F0935FDD1CB2}.Debug|x86.Build.0 = Debug|Any CPU
		{5E7F7E82-9409-4FF4-9F2E-F0935FDD1CB2}.Release|Any CPU.ActiveCfg = Release|Any CPU
		{5E7F7E82-9409-4FF4-9F2E-F0935FDD1CB2}.Release|Any CPU.Build.0 = Release|Any CPU
		{5E7F7E82-9409-4FF4-9F2E-F0935FDD1CB2}.Release|x64.ActiveCfg = Release|Any CPU
		{5E7F7E82-9409-4FF4-9F2E-F0935FDD1CB2}.Release|x64.Build.0 = Release|Any CPU
		{5E7F7E82-9409-4FF4-9F2E-F0935FDD1CB2}.Release|x86.ActiveCfg = Release|Any CPU
		{5E7F7E82-9409-4FF4-9F2E-F0935FDD1CB2}.Release|x86.Build.0 = Release|Any CPU
		{3C91028D-6297-4915-A14C-59500510A899}.Debug|Any CPU.ActiveCfg = Debug|Any CPU
		{3C91028D-6297-4915-A14C-59500510A899}.Debug|Any CPU.Build.0 = Debug|Any CPU
		{3C91028D-6297-4915-A14C-59500510A899}.Debug|x64.ActiveCfg = Debug|Any CPU
		{3C91028D-6297-4915-A14C-59500510A899}.Debug|x64.Build.0 = Debug|Any CPU
		{3C91028D-6297-4915-A14C-59500510A899}.Debug|x86.ActiveCfg = Debug|Any CPU
		{3C91028D-6297-4915-A14C-59500510A899}.Debug|x86.Build.0 = Debug|Any CPU
		{3C91028D-6297-4915-A14C-59500510A899}.Release|Any CPU.ActiveCfg = Release|Any CPU
		{3C91028D-6297-4915-A14C-59500510A899}.Release|Any CPU.Build.0 = Release|Any CPU
		{3C91028D-6297-4915-A14C-59500510A899}.Release|x64.ActiveCfg = Release|Any CPU
		{3C91028D-6297-4915-A14C-59500510A899}.Release|x64.Build.0 = Release|Any CPU
		{3C91028D-6297-4915-A14C-59500510A899}.Release|x86.ActiveCfg = Release|Any CPU
		{3C91028D-6297-4915-A14C-59500510A899}.Release|x86.Build.0 = Release|Any CPU
		{10E0CB46-72A6-436C-BEF6-E73594D0D7BE}.Debug|Any CPU.ActiveCfg = Debug|Any CPU
		{10E0CB46-72A6-436C-BEF6-E73594D0D7BE}.Debug|Any CPU.Build.0 = Debug|Any CPU
		{10E0CB46-72A6-436C-BEF6-E73594D0D7BE}.Debug|x64.ActiveCfg = Debug|Any CPU
		{10E0CB46-72A6-436C-BEF6-E73594D0D7BE}.Debug|x64.Build.0 = Debug|Any CPU
		{10E0CB46-72A6-436C-BEF6-E73594D0D7BE}.Debug|x86.ActiveCfg = Debug|Any CPU
		{10E0CB46-72A6-436C-BEF6-E73594D0D7BE}.Debug|x86.Build.0 = Debug|Any CPU
		{10E0CB46-72A6-436C-BEF6-E73594D0D7BE}.Release|Any CPU.ActiveCfg = Release|Any CPU
		{10E0CB46-72A6-436C-BEF6-E73594D0D7BE}.Release|Any CPU.Build.0 = Release|Any CPU
		{10E0CB46-72A6-436C-BEF6-E73594D0D7BE}.Release|x64.ActiveCfg = Release|Any CPU
		{10E0CB46-72A6-436C-BEF6-E73594D0D7BE}.Release|x64.Build.0 = Release|Any CPU
		{10E0CB46-72A6-436C-BEF6-E73594D0D7BE}.Release|x86.ActiveCfg = Release|Any CPU
		{10E0CB46-72A6-436C-BEF6-E73594D0D7BE}.Release|x86.Build.0 = Release|Any CPU
		{CE35B2B4-3FA1-47FE-B429-816255A16425}.Debug|Any CPU.ActiveCfg = Debug|Any CPU
		{CE35B2B4-3FA1-47FE-B429-816255A16425}.Debug|Any CPU.Build.0 = Debug|Any CPU
		{CE35B2B4-3FA1-47FE-B429-816255A16425}.Debug|x64.ActiveCfg = Debug|Any CPU
		{CE35B2B4-3FA1-47FE-B429-816255A16425}.Debug|x64.Build.0 = Debug|Any CPU
		{CE35B2B4-3FA1-47FE-B429-816255A16425}.Debug|x86.ActiveCfg = Debug|Any CPU
		{CE35B2B4-3FA1-47FE-B429-816255A16425}.Debug|x86.Build.0 = Debug|Any CPU
		{CE35B2B4-3FA1-47FE-B429-816255A16425}.Release|Any CPU.ActiveCfg = Release|Any CPU
		{CE35B2B4-3FA1-47FE-B429-816255A16425}.Release|Any CPU.Build.0 = Release|Any CPU
		{CE35B2B4-3FA1-47FE-B429-816255A16425}.Release|x64.ActiveCfg = Release|Any CPU
		{CE35B2B4-3FA1-47FE-B429-816255A16425}.Release|x64.Build.0 = Release|Any CPU
		{CE35B2B4-3FA1-47FE-B429-816255A16425}.Release|x86.ActiveCfg = Release|Any CPU
		{CE35B2B4-3FA1-47FE-B429-816255A16425}.Release|x86.Build.0 = Release|Any CPU
		{38E0EDAD-23B9-433F-9CFC-B6213368B23F}.Debug|Any CPU.ActiveCfg = Debug|Any CPU
		{38E0EDAD-23B9-433F-9CFC-B6213368B23F}.Debug|Any CPU.Build.0 = Debug|Any CPU
		{38E0EDAD-23B9-433F-9CFC-B6213368B23F}.Debug|x64.ActiveCfg = Debug|Any CPU
		{38E0EDAD-23B9-433F-9CFC-B6213368B23F}.Debug|x64.Build.0 = Debug|Any CPU
		{38E0EDAD-23B9-433F-9CFC-B6213368B23F}.Debug|x86.ActiveCfg = Debug|Any CPU
		{38E0EDAD-23B9-433F-9CFC-B6213368B23F}.Debug|x86.Build.0 = Debug|Any CPU
		{38E0EDAD-23B9-433F-9CFC-B6213368B23F}.Release|Any CPU.ActiveCfg = Release|Any CPU
		{38E0EDAD-23B9-433F-9CFC-B6213368B23F}.Release|Any CPU.Build.0 = Release|Any CPU
		{38E0EDAD-23B9-433F-9CFC-B6213368B23F}.Release|x64.ActiveCfg = Release|Any CPU
		{38E0EDAD-23B9-433F-9CFC-B6213368B23F}.Release|x64.Build.0 = Release|Any CPU
		{38E0EDAD-23B9-433F-9CFC-B6213368B23F}.Release|x86.ActiveCfg = Release|Any CPU
		{38E0EDAD-23B9-433F-9CFC-B6213368B23F}.Release|x86.Build.0 = Release|Any CPU
		{2DD1B91E-89A1-4924-903A-5CA62EA41BD3}.Debug|Any CPU.ActiveCfg = Debug|Any CPU
		{2DD1B91E-89A1-4924-903A-5CA62EA41BD3}.Debug|Any CPU.Build.0 = Debug|Any CPU
		{2DD1B91E-89A1-4924-903A-5CA62EA41BD3}.Debug|x64.ActiveCfg = Debug|Any CPU
		{2DD1B91E-89A1-4924-903A-5CA62EA41BD3}.Debug|x64.Build.0 = Debug|Any CPU
		{2DD1B91E-89A1-4924-903A-5CA62EA41BD3}.Debug|x86.ActiveCfg = Debug|Any CPU
		{2DD1B91E-89A1-4924-903A-5CA62EA41BD3}.Debug|x86.Build.0 = Debug|Any CPU
		{2DD1B91E-89A1-4924-903A-5CA62EA41BD3}.Release|Any CPU.ActiveCfg = Release|Any CPU
		{2DD1B91E-89A1-4924-903A-5CA62EA41BD3}.Release|Any CPU.Build.0 = Release|Any CPU
		{2DD1B91E-89A1-4924-903A-5CA62EA41BD3}.Release|x64.ActiveCfg = Release|Any CPU
		{2DD1B91E-89A1-4924-903A-5CA62EA41BD3}.Release|x64.Build.0 = Release|Any CPU
		{2DD1B91E-89A1-4924-903A-5CA62EA41BD3}.Release|x86.ActiveCfg = Release|Any CPU
		{2DD1B91E-89A1-4924-903A-5CA62EA41BD3}.Release|x86.Build.0 = Release|Any CPU
		{69C6EC11-CC56-413A-BDAE-3BE419035ED5}.Debug|Any CPU.ActiveCfg = Debug|Any CPU
		{69C6EC11-CC56-413A-BDAE-3BE419035ED5}.Debug|Any CPU.Build.0 = Debug|Any CPU
		{69C6EC11-CC56-413A-BDAE-3BE419035ED5}.Debug|x64.ActiveCfg = Debug|Any CPU
		{69C6EC11-CC56-413A-BDAE-3BE419035ED5}.Debug|x64.Build.0 = Debug|Any CPU
		{69C6EC11-CC56-413A-BDAE-3BE419035ED5}.Debug|x86.ActiveCfg = Debug|Any CPU
		{69C6EC11-CC56-413A-BDAE-3BE419035ED5}.Debug|x86.Build.0 = Debug|Any CPU
		{69C6EC11-CC56-413A-BDAE-3BE419035ED5}.Release|Any CPU.ActiveCfg = Release|Any CPU
		{69C6EC11-CC56-413A-BDAE-3BE419035ED5}.Release|Any CPU.Build.0 = Release|Any CPU
		{69C6EC11-CC56-413A-BDAE-3BE419035ED5}.Release|x64.ActiveCfg = Release|Any CPU
		{69C6EC11-CC56-413A-BDAE-3BE419035ED5}.Release|x64.Build.0 = Release|Any CPU
		{69C6EC11-CC56-413A-BDAE-3BE419035ED5}.Release|x86.ActiveCfg = Release|Any CPU
		{69C6EC11-CC56-413A-BDAE-3BE419035ED5}.Release|x86.Build.0 = Release|Any CPU
		{63C5B48F-1582-4033-90B0-E7F14AD456BD}.Debug|Any CPU.ActiveCfg = Debug|Any CPU
		{63C5B48F-1582-4033-90B0-E7F14AD456BD}.Debug|Any CPU.Build.0 = Debug|Any CPU
		{63C5B48F-1582-4033-90B0-E7F14AD456BD}.Debug|x64.ActiveCfg = Debug|Any CPU
		{63C5B48F-1582-4033-90B0-E7F14AD456BD}.Debug|x64.Build.0 = Debug|Any CPU
		{63C5B48F-1582-4033-90B0-E7F14AD456BD}.Debug|x86.ActiveCfg = Debug|Any CPU
		{63C5B48F-1582-4033-90B0-E7F14AD456BD}.Debug|x86.Build.0 = Debug|Any CPU
		{63C5B48F-1582-4033-90B0-E7F14AD456BD}.Release|Any CPU.ActiveCfg = Release|Any CPU
		{63C5B48F-1582-4033-90B0-E7F14AD456BD}.Release|Any CPU.Build.0 = Release|Any CPU
		{63C5B48F-1582-4033-90B0-E7F14AD456BD}.Release|x64.ActiveCfg = Release|Any CPU
		{63C5B48F-1582-4033-90B0-E7F14AD456BD}.Release|x64.Build.0 = Release|Any CPU
		{63C5B48F-1582-4033-90B0-E7F14AD456BD}.Release|x86.ActiveCfg = Release|Any CPU
		{63C5B48F-1582-4033-90B0-E7F14AD456BD}.Release|x86.Build.0 = Release|Any CPU
		{035E4DA8-6A86-4205-9A8B-844AC3313E12}.Debug|Any CPU.ActiveCfg = Debug|Any CPU
		{035E4DA8-6A86-4205-9A8B-844AC3313E12}.Debug|Any CPU.Build.0 = Debug|Any CPU
		{035E4DA8-6A86-4205-9A8B-844AC3313E12}.Debug|x64.ActiveCfg = Debug|Any CPU
		{035E4DA8-6A86-4205-9A8B-844AC3313E12}.Debug|x64.Build.0 = Debug|Any CPU
		{035E4DA8-6A86-4205-9A8B-844AC3313E12}.Debug|x86.ActiveCfg = Debug|Any CPU
		{035E4DA8-6A86-4205-9A8B-844AC3313E12}.Debug|x86.Build.0 = Debug|Any CPU
		{035E4DA8-6A86-4205-9A8B-844AC3313E12}.Release|Any CPU.ActiveCfg = Release|Any CPU
		{035E4DA8-6A86-4205-9A8B-844AC3313E12}.Release|Any CPU.Build.0 = Release|Any CPU
		{035E4DA8-6A86-4205-9A8B-844AC3313E12}.Release|x64.ActiveCfg = Release|Any CPU
		{035E4DA8-6A86-4205-9A8B-844AC3313E12}.Release|x64.Build.0 = Release|Any CPU
		{035E4DA8-6A86-4205-9A8B-844AC3313E12}.Release|x86.ActiveCfg = Release|Any CPU
		{035E4DA8-6A86-4205-9A8B-844AC3313E12}.Release|x86.Build.0 = Release|Any CPU
		{69A78D61-5245-4AEC-864C-4B9AFD9689D9}.Debug|Any CPU.ActiveCfg = Debug|Any CPU
		{69A78D61-5245-4AEC-864C-4B9AFD9689D9}.Debug|Any CPU.Build.0 = Debug|Any CPU
		{69A78D61-5245-4AEC-864C-4B9AFD9689D9}.Debug|x64.ActiveCfg = Debug|Any CPU
		{69A78D61-5245-4AEC-864C-4B9AFD9689D9}.Debug|x64.Build.0 = Debug|Any CPU
		{69A78D61-5245-4AEC-864C-4B9AFD9689D9}.Debug|x86.ActiveCfg = Debug|Any CPU
		{69A78D61-5245-4AEC-864C-4B9AFD9689D9}.Debug|x86.Build.0 = Debug|Any CPU
		{69A78D61-5245-4AEC-864C-4B9AFD9689D9}.Release|Any CPU.ActiveCfg = Release|Any CPU
		{69A78D61-5245-4AEC-864C-4B9AFD9689D9}.Release|Any CPU.Build.0 = Release|Any CPU
		{69A78D61-5245-4AEC-864C-4B9AFD9689D9}.Release|x64.ActiveCfg = Release|Any CPU
		{69A78D61-5245-4AEC-864C-4B9AFD9689D9}.Release|x64.Build.0 = Release|Any CPU
		{69A78D61-5245-4AEC-864C-4B9AFD9689D9}.Release|x86.ActiveCfg = Release|Any CPU
		{69A78D61-5245-4AEC-864C-4B9AFD9689D9}.Release|x86.Build.0 = Release|Any CPU
	EndGlobalSection
	GlobalSection(SolutionProperties) = preSolution
		HideSolutionNode = FALSE
	EndGlobalSection
	GlobalSection(NestedProjects) = preSolution
		{5845A180-25EC-11EB-8C12-0F98B57E57F7} = {5F294800-1F14-11EB-BD04-3F22CD077EFD}
		{5E7F7E82-9409-4FF4-9F2E-F0935FDD1CB2} = {D04D334C-4357-4347-82F1-AAC6B22A010C}
		{D060E4B0-1F14-11EB-BD04-3F22CD077EFD} = {5F294800-1F14-11EB-BD04-3F22CD077EFD}
		{3C91028D-6297-4915-A14C-59500510A899} = {D060E4B0-1F14-11EB-BD04-3F22CD077EFD}
		{10E0CB46-72A6-436C-BEF6-E73594D0D7BE} = {D060E4B0-1F14-11EB-BD04-3F22CD077EFD}
		{8678DB00-22E3-11EB-A2E6-D3C76565BB44} = {5ADD4670-1F14-11EB-BD04-3F22CD077EFD}
		{D04D334C-4357-4347-82F1-AAC6B22A010C} = {5ADD4670-1F14-11EB-BD04-3F22CD077EFD}
		{38E0EDAD-23B9-433F-9CFC-B6213368B23F} = {D04D334C-4357-4347-82F1-AAC6B22A010C}
		{2DD1B91E-89A1-4924-903A-5CA62EA41BD3} = {8678DB00-22E3-11EB-A2E6-D3C76565BB44}
		{495CE080-22E9-11EB-A2E6-D3C76565BB44} = {8678DB00-22E3-11EB-A2E6-D3C76565BB44}
		{69C6EC11-CC56-413A-BDAE-3BE419035ED5} = {495CE080-22E9-11EB-A2E6-D3C76565BB44}
		{63C5B48F-1582-4033-90B0-E7F14AD456BD} = {8678DB00-22E3-11EB-A2E6-D3C76565BB44}
		{035E4DA8-6A86-4205-9A8B-844AC3313E12} = {495CE080-22E9-11EB-A2E6-D3C76565BB44}
		{69A78D61-5245-4AEC-864C-4B9AFD9689D9} = {5845A180-25EC-11EB-8C12-0F98B57E57F7}
	EndGlobalSection
	GlobalSection(ExtensibilityGlobals) = postSolution
		SolutionGuid = {4068E8DD-5FFE-4CB5-B8CA-501D7DD9CF17}
	EndGlobalSection
EndGlobal
