
Microsoft Visual Studio Solution File, Format Version 12.00
# Visual Studio 15
VisualStudioVersion = 15.0.26124.0
MinimumVisualStudioVersion = 15.0.26124.0
Project("{2150E333-8FDC-42A3-9474-1A3956D46DE8}") = "src", "src", "{5ADD4670-1F14-11EB-BD04-3F22CD077EFD}"
EndProject
Project("{2150E333-8FDC-42A3-9474-1A3956D46DE8}") = "test", "test", "{5F294800-1F14-11EB-BD04-3F22CD077EFD}"
EndProject
Project("{FAE04EC0-301F-11D3-BF4B-00C04F79EFBC}") = "NetworkController", "src\NetworkController\NetworkController.csproj", "{5E7F7E82-9409-4FF4-9F2E-F0935FDD1CB2}"
EndProject
Project("{2150E333-8FDC-42A3-9474-1A3956D46DE8}") = "PS7-tests", "PS7-tests", "{D060E4B0-1F14-11EB-BD04-3F22CD077EFD}"
EndProject
Project("{FAE04EC0-301F-11D3-BF4B-00C04F79EFBC}") = "NetworkTestHelper", "test\PS7-tests\NetworkTestHelper\NetworkTestHelper.csproj", "{3C91028D-6297-4915-A14C-59500510A899}"
EndProject
Project("{FAE04EC0-301F-11D3-BF4B-00C04F79EFBC}") = "NetworkTests", "test\PS7-tests\NetworkTests\NetworkTests.csproj", "{10E0CB46-72A6-436C-BEF6-E73594D0D7BE}"
EndProject
Global
	GlobalSection(SolutionConfigurationPlatforms) = preSolution
		Debug|Any CPU = Debug|Any CPU
		Debug|x64 = Debug|x64
		Debug|x86 = Debug|x86
		Release|Any CPU = Release|Any CPU
		Release|x64 = Release|x64
		Release|x86 = Release|x86
	EndGlobalSection
	GlobalSection(SolutionProperties) = preSolution
		HideSolutionNode = FALSE
	EndGlobalSection
	GlobalSection(ProjectConfigurationPlatforms) = postSolution
		{5E7F7E82-9409-4FF4-9F2E-F0935FDD1CB2}.Debug|Any CPU.ActiveCfg = Debug|Any CPU
		{5E7F7E82-9409-4FF4-9F2E-F0935FDD1CB2}.Debug|Any CPU.Build.0 = Debug|Any CPU
		{5E7F7E82-9409-4FF4-9F2E-F0935FDD1CB2}.Debug|x64.ActiveCfg = Debug|Any CPU
		{5E7F7E82-9409-4FF4-9F2E-F0935FDD1CB2}.Debug|x64.Build.0 = Debug|Any CPU
		{5E7F7E82-9409-4FF4-9F2E-F0935FDD1CB2}.Debug|x86.ActiveCfg = Debug|Any CPU
		{5E7F7E82-9409-4FF4-9F2E-F0935FDD1CB2}.Debug|x86.Build.0 = Debug|Any CPU
		{5E7F7E82-9409-4FF4-9F2E-F0935FDD1CB2}.Release|Any CPU.ActiveCfg = Release|Any CPU
		{5E7F7E82-9409-4FF4-9F2E-F0935FDD1CB2}.Release|Any CPU.Build.0 = Release|Any CPU
		{5E7F7E82-9409-4FF4-9F2E-F0935FDD1CB2}.Release|x64.ActiveCfg = Release|Any CPU
		{5E7F7E82-9409-4FF4-9F2E-F0935FDD1CB2}.Release|x64.Build.0 = Release|Any CPU
		{5E7F7E82-9409-4FF4-9F2E-F0935FDD1CB2}.Release|x86.ActiveCfg = Release|Any CPU
		{5E7F7E82-9409-4FF4-9F2E-F0935FDD1CB2}.Release|x86.Build.0 = Release|Any CPU
		{3C91028D-6297-4915-A14C-59500510A899}.Debug|Any CPU.ActiveCfg = Debug|Any CPU
		{3C91028D-6297-4915-A14C-59500510A899}.Debug|Any CPU.Build.0 = Debug|Any CPU
		{3C91028D-6297-4915-A14C-59500510A899}.Debug|x64.ActiveCfg = Debug|Any CPU
		{3C91028D-6297-4915-A14C-59500510A899}.Debug|x64.Build.0 = Debug|Any CPU
		{3C91028D-6297-4915-A14C-59500510A899}.Debug|x86.ActiveCfg = Debug|Any CPU
		{3C91028D-6297-4915-A14C-59500510A899}.Debug|x86.Build.0 = Debug|Any CPU
		{3C91028D-6297-4915-A14C-59500510A899}.Release|Any CPU.ActiveCfg = Release|Any CPU
		{3C91028D-6297-4915-A14C-59500510A899}.Release|Any CPU.Build.0 = Release|Any CPU
		{3C91028D-6297-4915-A14C-59500510A899}.Release|x64.ActiveCfg = Release|Any CPU
		{3C91028D-6297-4915-A14C-59500510A899}.Release|x64.Build.0 = Release|Any CPU
		{3C91028D-6297-4915-A14C-59500510A899}.Release|x86.ActiveCfg = Release|Any CPU
		{3C91028D-6297-4915-A14C-59500510A899}.Release|x86.Build.0 = Release|Any CPU
		{10E0CB46-72A6-436C-BEF6-E73594D0D7BE}.Debug|Any CPU.ActiveCfg = Debug|Any CPU
		{10E0CB46-72A6-436C-BEF6-E73594D0D7BE}.Debug|Any CPU.Build.0 = Debug|Any CPU
		{10E0CB46-72A6-436C-BEF6-E73594D0D7BE}.Debug|x64.ActiveCfg = Debug|Any CPU
		{10E0CB46-72A6-436C-BEF6-E73594D0D7BE}.Debug|x64.Build.0 = Debug|Any CPU
		{10E0CB46-72A6-436C-BEF6-E73594D0D7BE}.Debug|x86.ActiveCfg = Debug|Any CPU
		{10E0CB46-72A6-436C-BEF6-E73594D0D7BE}.Debug|x86.Build.0 = Debug|Any CPU
		{10E0CB46-72A6-436C-BEF6-E73594D0D7BE}.Release|Any CPU.ActiveCfg = Release|Any CPU
		{10E0CB46-72A6-436C-BEF6-E73594D0D7BE}.Release|Any CPU.Build.0 = Release|Any CPU
		{10E0CB46-72A6-436C-BEF6-E73594D0D7BE}.Release|x64.ActiveCfg = Release|Any CPU
		{10E0CB46-72A6-436C-BEF6-E73594D0D7BE}.Release|x64.Build.0 = Release|Any CPU
		{10E0CB46-72A6-436C-BEF6-E73594D0D7BE}.Release|x86.ActiveCfg = Release|Any CPU
		{10E0CB46-72A6-436C-BEF6-E73594D0D7BE}.Release|x86.Build.0 = Release|Any CPU
	EndGlobalSection
	GlobalSection(NestedProjects) = preSolution
		{D060E4B0-1F14-11EB-BD04-3F22CD077EFD} = {5F294800-1F14-11EB-BD04-3F22CD077EFD}
		{5E7F7E82-9409-4FF4-9F2E-F0935FDD1CB2} = {5ADD4670-1F14-11EB-BD04-3F22CD077EFD}
		{3C91028D-6297-4915-A14C-59500510A899} = {D060E4B0-1F14-11EB-BD04-3F22CD077EFD}
		{10E0CB46-72A6-436C-BEF6-E73594D0D7BE} = {D060E4B0-1F14-11EB-BD04-3F22CD077EFD}
	EndGlobalSection
EndGlobal
