
Microsoft Visual Studio Solution File, Format Version 12.00
# Visual Studio Version 16
VisualStudioVersion = 16.0.30611.23
MinimumVisualStudioVersion = 15.0.26124.0
Project("{2150E333-8FDC-42A3-9474-1A3956D46DE8}") = "src", "src", "{ECD0EACE-7BF4-46F4-A2BB-D765EEBFD275}"
EndProject
Project("{9A19103F-16F7-4668-BE54-9A1E7A4F7556}") = "NetworkController", "src\NetworkController\NetworkController.csproj", "{EA433539-F591-42A6-9A23-842DDAE63D7F}"
EndProject
Project("{2150E333-8FDC-42A3-9474-1A3956D46DE8}") = "test", "test", "{4715F293-E0C0-4EC9-BDD3-1C3D47F0727E}"
EndProject
Project("{9A19103F-16F7-4668-BE54-9A1E7A4F7556}") = "NetworkTests", "test\NetworkTests\NetworkTests.csproj", "{04831B26-ADCB-4BEB-967D-06FF38E2FF4D}"
EndProject
Project("{9A19103F-16F7-4668-BE54-9A1E7A4F7556}") = "NetworkTestHelper", "test\NetworkTestHelper\NetworkTestHelper.csproj", "{D1D850A1-55F4-4A87-8F81-767E6D01238C}"
EndProject
Project("{2150E333-8FDC-42A3-9474-1A3956D46DE8}") = "TestChatSystem", "TestChatSystem", "{E30764B0-17C9-11EB-B77D-11CCC6B17AD7}"
EndProject
Global
	GlobalSection(SolutionConfigurationPlatforms) = preSolution
		Debug|Any CPU = Debug|Any CPU
		Debug|x64 = Debug|x64
		Debug|x86 = Debug|x86
		Release|Any CPU = Release|Any CPU
		Release|x64 = Release|x64
		Release|x86 = Release|x86
	EndGlobalSection
	GlobalSection(ProjectConfigurationPlatforms) = postSolution
		{EA433539-F591-42A6-9A23-842DDAE63D7F}.Debug|Any CPU.ActiveCfg = Debug|Any CPU
		{EA433539-F591-42A6-9A23-842DDAE63D7F}.Debug|Any CPU.Build.0 = Debug|Any CPU
		{EA433539-F591-42A6-9A23-842DDAE63D7F}.Debug|x64.ActiveCfg = Debug|Any CPU
		{EA433539-F591-42A6-9A23-842DDAE63D7F}.Debug|x64.Build.0 = Debug|Any CPU
		{EA433539-F591-42A6-9A23-842DDAE63D7F}.Debug|x86.ActiveCfg = Debug|Any CPU
		{EA433539-F591-42A6-9A23-842DDAE63D7F}.Debug|x86.Build.0 = Debug|Any CPU
		{EA433539-F591-42A6-9A23-842DDAE63D7F}.Release|Any CPU.ActiveCfg = Release|Any CPU
		{EA433539-F591-42A6-9A23-842DDAE63D7F}.Release|Any CPU.Build.0 = Release|Any CPU
		{EA433539-F591-42A6-9A23-842DDAE63D7F}.Release|x64.ActiveCfg = Release|Any CPU
		{EA433539-F591-42A6-9A23-842DDAE63D7F}.Release|x64.Build.0 = Release|Any CPU
		{EA433539-F591-42A6-9A23-842DDAE63D7F}.Release|x86.ActiveCfg = Release|Any CPU
		{EA433539-F591-42A6-9A23-842DDAE63D7F}.Release|x86.Build.0 = Release|Any CPU
		{04831B26-ADCB-4BEB-967D-06FF38E2FF4D}.Debug|Any CPU.ActiveCfg = Debug|Any CPU
		{04831B26-ADCB-4BEB-967D-06FF38E2FF4D}.Debug|Any CPU.Build.0 = Debug|Any CPU
		{04831B26-ADCB-4BEB-967D-06FF38E2FF4D}.Debug|x64.ActiveCfg = Debug|Any CPU
		{04831B26-ADCB-4BEB-967D-06FF38E2FF4D}.Debug|x64.Build.0 = Debug|Any CPU
		{04831B26-ADCB-4BEB-967D-06FF38E2FF4D}.Debug|x86.ActiveCfg = Debug|Any CPU
		{04831B26-ADCB-4BEB-967D-06FF38E2FF4D}.Debug|x86.Build.0 = Debug|Any CPU
		{04831B26-ADCB-4BEB-967D-06FF38E2FF4D}.Release|Any CPU.ActiveCfg = Release|Any CPU
		{04831B26-ADCB-4BEB-967D-06FF38E2FF4D}.Release|Any CPU.Build.0 = Release|Any CPU
		{04831B26-ADCB-4BEB-967D-06FF38E2FF4D}.Release|x64.ActiveCfg = Release|Any CPU
		{04831B26-ADCB-4BEB-967D-06FF38E2FF4D}.Release|x64.Build.0 = Release|Any CPU
		{04831B26-ADCB-4BEB-967D-06FF38E2FF4D}.Release|x86.ActiveCfg = Release|Any CPU
		{04831B26-ADCB-4BEB-967D-06FF38E2FF4D}.Release|x86.Build.0 = Release|Any CPU
		{D1D850A1-55F4-4A87-8F81-767E6D01238C}.Debug|Any CPU.ActiveCfg = Debug|Any CPU
		{D1D850A1-55F4-4A87-8F81-767E6D01238C}.Debug|Any CPU.Build.0 = Debug|Any CPU
		{D1D850A1-55F4-4A87-8F81-767E6D01238C}.Debug|x64.ActiveCfg = Debug|Any CPU
		{D1D850A1-55F4-4A87-8F81-767E6D01238C}.Debug|x64.Build.0 = Debug|Any CPU
		{D1D850A1-55F4-4A87-8F81-767E6D01238C}.Debug|x86.ActiveCfg = Debug|Any CPU
		{D1D850A1-55F4-4A87-8F81-767E6D01238C}.Debug|x86.Build.0 = Debug|Any CPU
		{D1D850A1-55F4-4A87-8F81-767E6D01238C}.Release|Any CPU.ActiveCfg = Release|Any CPU
		{D1D850A1-55F4-4A87-8F81-767E6D01238C}.Release|Any CPU.Build.0 = Release|Any CPU
		{D1D850A1-55F4-4A87-8F81-767E6D01238C}.Release|x64.ActiveCfg = Release|Any CPU
		{D1D850A1-55F4-4A87-8F81-767E6D01238C}.Release|x64.Build.0 = Release|Any CPU
		{D1D850A1-55F4-4A87-8F81-767E6D01238C}.Release|x86.ActiveCfg = Release|Any CPU
		{D1D850A1-55F4-4A87-8F81-767E6D01238C}.Release|x86.Build.0 = Release|Any CPU
		{96860E0C-8854-457D-96A7-FB199C4365E6}.Debug|Any CPU.ActiveCfg = Debug|Any CPU
		{96860E0C-8854-457D-96A7-FB199C4365E6}.Debug|Any CPU.Build.0 = Debug|Any CPU
		{96860E0C-8854-457D-96A7-FB199C4365E6}.Debug|x64.ActiveCfg = Debug|Any CPU
		{96860E0C-8854-457D-96A7-FB199C4365E6}.Debug|x64.Build.0 = Debug|Any CPU
		{96860E0C-8854-457D-96A7-FB199C4365E6}.Debug|x86.ActiveCfg = Debug|Any CPU
		{96860E0C-8854-457D-96A7-FB199C4365E6}.Debug|x86.Build.0 = Debug|Any CPU
		{96860E0C-8854-457D-96A7-FB199C4365E6}.Release|Any CPU.ActiveCfg = Release|Any CPU
		{96860E0C-8854-457D-96A7-FB199C4365E6}.Release|Any CPU.Build.0 = Release|Any CPU
		{96860E0C-8854-457D-96A7-FB199C4365E6}.Release|x64.ActiveCfg = Release|Any CPU
		{96860E0C-8854-457D-96A7-FB199C4365E6}.Release|x64.Build.0 = Release|Any CPU
		{96860E0C-8854-457D-96A7-FB199C4365E6}.Release|x86.ActiveCfg = Release|Any CPU
		{96860E0C-8854-457D-96A7-FB199C4365E6}.Release|x86.Build.0 = Release|Any CPU
		{DE21340B-2D8E-4344-AB2F-B7A6C728C93B}.Debug|Any CPU.ActiveCfg = Debug|Any CPU
		{DE21340B-2D8E-4344-AB2F-B7A6C728C93B}.Debug|Any CPU.Build.0 = Debug|Any CPU
		{DE21340B-2D8E-4344-AB2F-B7A6C728C93B}.Debug|x64.ActiveCfg = Debug|Any CPU
		{DE21340B-2D8E-4344-AB2F-B7A6C728C93B}.Debug|x64.Build.0 = Debug|Any CPU
		{DE21340B-2D8E-4344-AB2F-B7A6C728C93B}.Debug|x86.ActiveCfg = Debug|Any CPU
		{DE21340B-2D8E-4344-AB2F-B7A6C728C93B}.Debug|x86.Build.0 = Debug|Any CPU
		{DE21340B-2D8E-4344-AB2F-B7A6C728C93B}.Release|Any CPU.ActiveCfg = Release|Any CPU
		{DE21340B-2D8E-4344-AB2F-B7A6C728C93B}.Release|Any CPU.Build.0 = Release|Any CPU
		{DE21340B-2D8E-4344-AB2F-B7A6C728C93B}.Release|x64.ActiveCfg = Release|Any CPU
		{DE21340B-2D8E-4344-AB2F-B7A6C728C93B}.Release|x64.Build.0 = Release|Any CPU
		{DE21340B-2D8E-4344-AB2F-B7A6C728C93B}.Release|x86.ActiveCfg = Release|Any CPU
		{DE21340B-2D8E-4344-AB2F-B7A6C728C93B}.Release|x86.Build.0 = Release|Any CPU
	EndGlobalSection
	GlobalSection(SolutionProperties) = preSolution
		HideSolutionNode = FALSE
	EndGlobalSection
	GlobalSection(NestedProjects) = preSolution
		{EA433539-F591-42A6-9A23-842DDAE63D7F} = {ECD0EACE-7BF4-46F4-A2BB-D765EEBFD275}
		{04831B26-ADCB-4BEB-967D-06FF38E2FF4D} = {4715F293-E0C0-4EC9-BDD3-1C3D47F0727E}
		{D1D850A1-55F4-4A87-8F81-767E6D01238C} = {4715F293-E0C0-4EC9-BDD3-1C3D47F0727E}
		{E30764B0-17C9-11EB-B77D-11CCC6B17AD7} = {4715F293-E0C0-4EC9-BDD3-1C3D47F0727E}
		{96860E0C-8854-457D-96A7-FB199C4365E6} = {E30764B0-17C9-11EB-B77D-11CCC6B17AD7}
		{DE21340B-2D8E-4344-AB2F-B7A6C728C93B} = {E30764B0-17C9-11EB-B77D-11CCC6B17AD7}
	EndGlobalSection
	GlobalSection(ExtensibilityGlobals) = postSolution
		SolutionGuid = {2F8CD907-06AC-499A-9670-E2FC79ADC062}
	EndGlobalSection
EndGlobal
